{
  "version": "3",
  "packages": {
    "specifiers": {
      "npm:esbuild-sass-plugin": "npm:esbuild-sass-plugin@3.1.0_esbuild@0.20.1_sass-embedded@1.71.1"
    },
    "npm": {
      "@bufbuild/protobuf@1.7.2": {
        "integrity": "sha512-i5GE2Dk5ekdlK1TR7SugY4LWRrKSfb5T1Qn4unpIMbfxoeGKERKQ59HG3iYewacGD10SR7UzevfPnh6my4tNmQ==",
        "dependencies": {}
      },
      "@esbuild/aix-ppc64@0.20.1": {
        "integrity": "sha512-m55cpeupQ2DbuRGQMMZDzbv9J9PgVelPjlcmM5kxHnrBdBx6REaEd7LamYV7Dm8N7rCyR/XwU6rVP8ploKtIkA==",
        "dependencies": {}
      },
      "@esbuild/android-arm64@0.20.1": {
        "integrity": "sha512-hCnXNF0HM6AjowP+Zou0ZJMWWa1VkD77BXe959zERgGJBBxB+sV+J9f/rcjeg2c5bsukD/n17RKWXGFCO5dD5A==",
        "dependencies": {}
      },
      "@esbuild/android-arm@0.20.1": {
        "integrity": "sha512-4j0+G27/2ZXGWR5okcJi7pQYhmkVgb4D7UKwxcqrjhvp5TKWx3cUjgB1CGj1mfdmJBQ9VnUGgUhign+FPF2Zgw==",
        "dependencies": {}
      },
      "@esbuild/android-x64@0.20.1": {
        "integrity": "sha512-MSfZMBoAsnhpS+2yMFYIQUPs8Z19ajwfuaSZx+tSl09xrHZCjbeXXMsUF/0oq7ojxYEpsSo4c0SfjxOYXRbpaA==",
        "dependencies": {}
      },
      "@esbuild/darwin-arm64@0.20.1": {
        "integrity": "sha512-Ylk6rzgMD8klUklGPzS414UQLa5NPXZD5tf8JmQU8GQrj6BrFA/Ic9tb2zRe1kOZyCbGl+e8VMbDRazCEBqPvA==",
        "dependencies": {}
      },
      "@esbuild/darwin-x64@0.20.1": {
        "integrity": "sha512-pFIfj7U2w5sMp52wTY1XVOdoxw+GDwy9FsK3OFz4BpMAjvZVs0dT1VXs8aQm22nhwoIWUmIRaE+4xow8xfIDZA==",
        "dependencies": {}
      },
      "@esbuild/freebsd-arm64@0.20.1": {
        "integrity": "sha512-UyW1WZvHDuM4xDz0jWun4qtQFauNdXjXOtIy7SYdf7pbxSWWVlqhnR/T2TpX6LX5NI62spt0a3ldIIEkPM6RHw==",
        "dependencies": {}
      },
      "@esbuild/freebsd-x64@0.20.1": {
        "integrity": "sha512-itPwCw5C+Jh/c624vcDd9kRCCZVpzpQn8dtwoYIt2TJF3S9xJLiRohnnNrKwREvcZYx0n8sCSbvGH349XkcQeg==",
        "dependencies": {}
      },
      "@esbuild/linux-arm64@0.20.1": {
        "integrity": "sha512-cX8WdlF6Cnvw/DO9/X7XLH2J6CkBnz7Twjpk56cshk9sjYVcuh4sXQBy5bmTwzBjNVZze2yaV1vtcJS04LbN8w==",
        "dependencies": {}
      },
      "@esbuild/linux-arm@0.20.1": {
        "integrity": "sha512-LojC28v3+IhIbfQ+Vu4Ut5n3wKcgTu6POKIHN9Wpt0HnfgUGlBuyDDQR4jWZUZFyYLiz4RBBBmfU6sNfn6RhLw==",
        "dependencies": {}
      },
      "@esbuild/linux-ia32@0.20.1": {
        "integrity": "sha512-4H/sQCy1mnnGkUt/xszaLlYJVTz3W9ep52xEefGtd6yXDQbz/5fZE5dFLUgsPdbUOQANcVUa5iO6g3nyy5BJiw==",
        "dependencies": {}
      },
      "@esbuild/linux-loong64@0.20.1": {
        "integrity": "sha512-c0jgtB+sRHCciVXlyjDcWb2FUuzlGVRwGXgI+3WqKOIuoo8AmZAddzeOHeYLtD+dmtHw3B4Xo9wAUdjlfW5yYA==",
        "dependencies": {}
      },
      "@esbuild/linux-mips64el@0.20.1": {
        "integrity": "sha512-TgFyCfIxSujyuqdZKDZ3yTwWiGv+KnlOeXXitCQ+trDODJ+ZtGOzLkSWngynP0HZnTsDyBbPy7GWVXWaEl6lhA==",
        "dependencies": {}
      },
      "@esbuild/linux-ppc64@0.20.1": {
        "integrity": "sha512-b+yuD1IUeL+Y93PmFZDZFIElwbmFfIKLKlYI8M6tRyzE6u7oEP7onGk0vZRh8wfVGC2dZoy0EqX1V8qok4qHaw==",
        "dependencies": {}
      },
      "@esbuild/linux-riscv64@0.20.1": {
        "integrity": "sha512-wpDlpE0oRKZwX+GfomcALcouqjjV8MIX8DyTrxfyCfXxoKQSDm45CZr9fanJ4F6ckD4yDEPT98SrjvLwIqUCgg==",
        "dependencies": {}
      },
      "@esbuild/linux-s390x@0.20.1": {
        "integrity": "sha512-5BepC2Au80EohQ2dBpyTquqGCES7++p7G+7lXe1bAIvMdXm4YYcEfZtQrP4gaoZ96Wv1Ute61CEHFU7h4FMueQ==",
        "dependencies": {}
      },
      "@esbuild/linux-x64@0.20.1": {
        "integrity": "sha512-5gRPk7pKuaIB+tmH+yKd2aQTRpqlf1E4f/mC+tawIm/CGJemZcHZpp2ic8oD83nKgUPMEd0fNanrnFljiruuyA==",
        "dependencies": {}
      },
      "@esbuild/netbsd-x64@0.20.1": {
        "integrity": "sha512-4fL68JdrLV2nVW2AaWZBv3XEm3Ae3NZn/7qy2KGAt3dexAgSVT+Hc97JKSZnqezgMlv9x6KV0ZkZY7UO5cNLCg==",
        "dependencies": {}
      },
      "@esbuild/openbsd-x64@0.20.1": {
        "integrity": "sha512-GhRuXlvRE+twf2ES+8REbeCb/zeikNqwD3+6S5y5/x+DYbAQUNl0HNBs4RQJqrechS4v4MruEr8ZtAin/hK5iw==",
        "dependencies": {}
      },
      "@esbuild/sunos-x64@0.20.1": {
        "integrity": "sha512-ZnWEyCM0G1Ex6JtsygvC3KUUrlDXqOihw8RicRuQAzw+c4f1D66YlPNNV3rkjVW90zXVsHwZYWbJh3v+oQFM9Q==",
        "dependencies": {}
      },
      "@esbuild/win32-arm64@0.20.1": {
        "integrity": "sha512-QZ6gXue0vVQY2Oon9WyLFCdSuYbXSoxaZrPuJ4c20j6ICedfsDilNPYfHLlMH7vGfU5DQR0czHLmJvH4Nzis/A==",
        "dependencies": {}
      },
      "@esbuild/win32-ia32@0.20.1": {
        "integrity": "sha512-HzcJa1NcSWTAU0MJIxOho8JftNp9YALui3o+Ny7hCh0v5f90nprly1U3Sj1Ldj/CvKKdvvFsCRvDkpsEMp4DNw==",
        "dependencies": {}
      },
      "@esbuild/win32-x64@0.20.1": {
        "integrity": "sha512-0MBh53o6XtI6ctDnRMeQ+xoCN8kD2qI1rY1KgF/xdWQwoFeKou7puvDfV8/Wv4Ctx2rRpET/gGdz3YlNtNACSA==",
        "dependencies": {}
      },
      "anymatch@3.1.3": {
        "integrity": "sha512-KMReFUr0B4t+D+OBkjR3KYqvocp2XaSzO55UcB6mgQMd3KbcE+mWTyvVV7D/zsdEbNnV6acZUutkiHQXvTr1Rw==",
        "dependencies": {
          "normalize-path": "normalize-path@3.0.0",
          "picomatch": "picomatch@2.3.1"
        }
      },
      "binary-extensions@2.2.0": {
        "integrity": "sha512-jDctJ/IVQbZoJykoeHbhXpOlNBqGNcwXJKJog42E5HDPUwQTSdjCHdihjj0DlnheQ7blbT6dHOafNAiS8ooQKA==",
        "dependencies": {}
      },
      "braces@3.0.2": {
        "integrity": "sha512-b8um+L1RzM3WDSzvhm6gIz1yfTbBt6YTlcEKAvsmqCZZFw46z626lVj9j1yEPW33H5H+lBQpZMP1k8l+78Ha0A==",
        "dependencies": {
          "fill-range": "fill-range@7.0.1"
        }
      },
      "buffer-builder@0.2.0": {
        "integrity": "sha512-7VPMEPuYznPSoR21NE1zvd2Xna6c/CloiZCfcMXR1Jny6PjX0N4Nsa38zcBFo/FMK+BlA+FLKbJCQ0i2yxp+Xg==",
        "dependencies": {}
      },
      "chokidar@3.6.0": {
        "integrity": "sha512-7VT13fmjotKpGipCW9JEQAusEPE+Ei8nl6/g4FBAmIm0GOOLMua9NDDo/DWp0ZAxCr3cPq5ZpBqmPAQgDda2Pw==",
        "dependencies": {
          "anymatch": "anymatch@3.1.3",
          "braces": "braces@3.0.2",
          "fsevents": "fsevents@2.3.3",
          "glob-parent": "glob-parent@5.1.2",
          "is-binary-path": "is-binary-path@2.1.0",
          "is-glob": "is-glob@4.0.3",
          "normalize-path": "normalize-path@3.0.0",
          "readdirp": "readdirp@3.6.0"
        }
      },
      "esbuild-sass-plugin@3.1.0_esbuild@0.20.1_sass-embedded@1.71.1": {
        "integrity": "sha512-LX/PhMuA7KskPDT8yB10/o3C3fTKVWEzcfzGnGH0wqjZm3FEtm4d6dCxUn+252kuWZAgFOGzGOnBv1FpzClJrA==",
        "dependencies": {
          "esbuild": "esbuild@0.20.1",
          "resolve": "resolve@1.22.8",
          "sass": "sass@1.71.1",
          "sass-embedded": "sass-embedded@1.71.1"
        }
      },
      "esbuild@0.20.1": {
        "integrity": "sha512-OJwEgrpWm/PCMsLVWXKqvcjme3bHNpOgN7Tb6cQnR5n0TPbQx1/Xrn7rqM+wn17bYeT6MGB5sn1Bh5YiGi70nA==",
        "dependencies": {
          "@esbuild/aix-ppc64": "@esbuild/aix-ppc64@0.20.1",
          "@esbuild/android-arm": "@esbuild/android-arm@0.20.1",
          "@esbuild/android-arm64": "@esbuild/android-arm64@0.20.1",
          "@esbuild/android-x64": "@esbuild/android-x64@0.20.1",
          "@esbuild/darwin-arm64": "@esbuild/darwin-arm64@0.20.1",
          "@esbuild/darwin-x64": "@esbuild/darwin-x64@0.20.1",
          "@esbuild/freebsd-arm64": "@esbuild/freebsd-arm64@0.20.1",
          "@esbuild/freebsd-x64": "@esbuild/freebsd-x64@0.20.1",
          "@esbuild/linux-arm": "@esbuild/linux-arm@0.20.1",
          "@esbuild/linux-arm64": "@esbuild/linux-arm64@0.20.1",
          "@esbuild/linux-ia32": "@esbuild/linux-ia32@0.20.1",
          "@esbuild/linux-loong64": "@esbuild/linux-loong64@0.20.1",
          "@esbuild/linux-mips64el": "@esbuild/linux-mips64el@0.20.1",
          "@esbuild/linux-ppc64": "@esbuild/linux-ppc64@0.20.1",
          "@esbuild/linux-riscv64": "@esbuild/linux-riscv64@0.20.1",
          "@esbuild/linux-s390x": "@esbuild/linux-s390x@0.20.1",
          "@esbuild/linux-x64": "@esbuild/linux-x64@0.20.1",
          "@esbuild/netbsd-x64": "@esbuild/netbsd-x64@0.20.1",
          "@esbuild/openbsd-x64": "@esbuild/openbsd-x64@0.20.1",
          "@esbuild/sunos-x64": "@esbuild/sunos-x64@0.20.1",
          "@esbuild/win32-arm64": "@esbuild/win32-arm64@0.20.1",
          "@esbuild/win32-ia32": "@esbuild/win32-ia32@0.20.1",
          "@esbuild/win32-x64": "@esbuild/win32-x64@0.20.1"
        }
      },
      "fill-range@7.0.1": {
        "integrity": "sha512-qOo9F+dMUmC2Lcb4BbVvnKJxTPjCm+RRpe4gDuGrzkL7mEVl/djYSu2OdQ2Pa302N4oqkSg9ir6jaLWJ2USVpQ==",
        "dependencies": {
          "to-regex-range": "to-regex-range@5.0.1"
        }
      },
      "fsevents@2.3.3": {
        "integrity": "sha512-5xoDfX+fL7faATnagmWPpbFtwh/R77WmMMqqHGS65C3vvB0YHrgF+B1YmZ3441tMj5n63k0212XNoJwzlhffQw==",
        "dependencies": {}
      },
      "function-bind@1.1.2": {
        "integrity": "sha512-7XHNxH7qX9xG5mIwxkhumTox/MIRNcOgDrxWsMt2pAr23WHp6MrRlN7FBSFpCpr+oVO0F744iUgR82nJMfG2SA==",
        "dependencies": {}
      },
      "glob-parent@5.1.2": {
        "integrity": "sha512-AOIgSQCepiJYwP3ARnGx+5VnTu2HBYdzbGP45eLw1vr3zB3vZLeyed1sC9hnbcOc9/SrMyM5RPQrkGz4aS9Zow==",
        "dependencies": {
          "is-glob": "is-glob@4.0.3"
        }
      },
      "has-flag@4.0.0": {
        "integrity": "sha512-EykJT/Q1KjTWctppgIAgfSO0tKVuZUjhgMr17kqTumMl6Afv3EISleU7qZUzoXDFTAHTDC4NOoG/ZxU3EvlMPQ==",
        "dependencies": {}
      },
      "hasown@2.0.2": {
        "integrity": "sha512-0hJU9SCPvmMzIBdZFqNPXWa6dqh7WdH0cII9y+CyS8rG3nL48Bclra9HmKhVVUHyPWNH5Y7xDwAB7bfgSjkUMQ==",
        "dependencies": {
          "function-bind": "function-bind@1.1.2"
        }
      },
      "immutable@4.3.5": {
        "integrity": "sha512-8eabxkth9gZatlwl5TBuJnCsoTADlL6ftEr7A4qgdaTsPyreilDSnUk57SO+jfKcNtxPa22U5KK6DSeAYhpBJw==",
        "dependencies": {}
      },
      "is-binary-path@2.1.0": {
        "integrity": "sha512-ZMERYes6pDydyuGidse7OsHxtbI7WVeUEozgR/g7rd0xUimYNlvZRE/K2MgZTjWy725IfelLeVcEM97mmtRGXw==",
        "dependencies": {
          "binary-extensions": "binary-extensions@2.2.0"
        }
      },
      "is-core-module@2.13.1": {
        "integrity": "sha512-hHrIjvZsftOsvKSn2TRYl63zvxsgE0K+0mYMoH6gD4omR5IWB2KynivBQczo3+wF1cCkjzvptnI9Q0sPU66ilw==",
        "dependencies": {
          "hasown": "hasown@2.0.2"
        }
      },
      "is-extglob@2.1.1": {
        "integrity": "sha512-SbKbANkN603Vi4jEZv49LeVJMn4yGwsbzZworEoyEiutsN3nJYdbO36zfhGJ6QEDpOZIFkDtnq5JRxmvl3jsoQ==",
        "dependencies": {}
      },
      "is-glob@4.0.3": {
        "integrity": "sha512-xelSayHH36ZgE7ZWhli7pW34hNbNl8Ojv5KVmkJD4hBdD3th8Tfk9vYasLM+mXWOZhFkgZfxhLSnrwRr4elSSg==",
        "dependencies": {
          "is-extglob": "is-extglob@2.1.1"
        }
      },
      "is-number@7.0.0": {
        "integrity": "sha512-41Cifkg6e8TylSpdtTpeLVMqvSBEVzTttHvERD741+pnZ8ANv0004MRL43QKPDlK9cGvNp6NZWZUBlbGXYxxng==",
        "dependencies": {}
      },
      "normalize-path@3.0.0": {
        "integrity": "sha512-6eZs5Ls3WtCisHWp9S2GUy8dqkpGi4BVSz3GaqiE6ezub0512ESztXUwUB6C6IKbQkY2Pnb/mD4WYojCRwcwLA==",
        "dependencies": {}
      },
      "path-parse@1.0.7": {
        "integrity": "sha512-LDJzPVEEEPR+y48z93A0Ed0yXb8pAByGWo/k5YYdYgpY2/2EsOsksJrq7lOHxryrVOn1ejG6oAp8ahvOIQD8sw==",
        "dependencies": {}
      },
      "picomatch@2.3.1": {
        "integrity": "sha512-JU3teHTNjmE2VCGFzuY8EXzCDVwEqB2a8fsIvwaStHhAWJEeVd1o1QD80CU6+ZdEXXSLbSsuLwJjkCBWqRQUVA==",
        "dependencies": {}
      },
      "readdirp@3.6.0": {
        "integrity": "sha512-hOS089on8RduqdbhvQ5Z37A0ESjsqz6qnRcffsMU3495FuTdqSm+7bhJ29JvIOsBDEEnan5DPu9t3To9VRlMzA==",
        "dependencies": {
          "picomatch": "picomatch@2.3.1"
        }
      },
      "resolve@1.22.8": {
        "integrity": "sha512-oKWePCxqpd6FlLvGV1VU0x7bkPmmCNolxzjMf4NczoDnQcIWrAF+cPtZn5i6n+RfD2d9i0tzpKnG6Yk168yIyw==",
        "dependencies": {
          "is-core-module": "is-core-module@2.13.1",
          "path-parse": "path-parse@1.0.7",
          "supports-preserve-symlinks-flag": "supports-preserve-symlinks-flag@1.0.0"
        }
      },
      "rxjs@7.8.1": {
        "integrity": "sha512-AA3TVj+0A2iuIoQkWEK/tqFjBq2j+6PO6Y0zJcvzLAFhEFIO3HL0vls9hWLncZbAAbK0mar7oZ4V079I/qPMxg==",
        "dependencies": {
          "tslib": "tslib@2.6.2"
        }
      },
      "sass-embedded-android-arm64@1.71.1": {
        "integrity": "sha512-a7wJ1MM6sBwcM/8vIvvnwc9spoeNimNeXZpN9baSV4Ylthmr4GkTYYtf96Z/XYLdG5KBgYlxMs5T3OgqafdUMg==",
        "dependencies": {}
      },
      "sass-embedded-android-arm@1.71.1": {
        "integrity": "sha512-Pq6TlRg9lIYsZDo9XNQZnSg6grQKzBG3ssdv0W1SnYS1BzGKwbg8XnlUA/pVxK76BKEm8i+0DA4y8cZ8A3tmpw==",
        "dependencies": {}
      },
      "sass-embedded-android-ia32@1.71.1": {
        "integrity": "sha512-tn3WZNdKQtr/DSzl4cQIDZkTO3JuuMxPvM/T+U7gBFyhU62NyF5wvwBnuh+BN3iaMowfkSknzCZCjyJDwnkDjw==",
        "dependencies": {}
      },
      "sass-embedded-android-x64@1.71.1": {
        "integrity": "sha512-l72Pqxfb/pArpOLyWsuL9s8ODWupRGATWTPwUT/GjVdSQJO/lQL5DopXb55Cwh2T7t2G10e+uXTEMKz0qngoWQ==",
        "dependencies": {}
      },
      "sass-embedded-darwin-arm64@1.71.1": {
        "integrity": "sha512-3eZDAcJBwoG0Kyasa/EbaKt1Jn2y0GHvCd0Oas/VtMsYL+/6abiCO1l8YltdxER4jvuHUKE2Ow7J6T6sC+vVQQ==",
        "dependencies": {}
      },
      "sass-embedded-darwin-x64@1.71.1": {
        "integrity": "sha512-/9FtMPVdQalhsRCD9opNIlZqJKe7veCjWsdj0J9utbc2bNCTYswXNQtC/jWJTjE9/gQ0+w5zwg9+fQzltdYh1w==",
        "dependencies": {}
      },
      "sass-embedded-linux-arm64@1.71.1": {
        "integrity": "sha512-zUSmqeqcgTb3VjZggk9a9xB2ZGaAe/TYAi/vYRPNLY/f7dZSrsa9Ejo+LUm2aNl6V8hFzMz7BpoKsaRQJnb9GQ==",
        "dependencies": {}
      },
      "sass-embedded-linux-arm@1.71.1": {
        "integrity": "sha512-l7NEn0gji6GTN+p00DP2zZl9SE501Zy5obTA3beiD6+vQy7lCEC6vpNi/ZrlC6eRmgY2OKSBB2lfW7KSej9Hkg==",
        "dependencies": {}
      },
      "sass-embedded-linux-ia32@1.71.1": {
        "integrity": "sha512-NvzSljfc/Kw9/0CSn91AsINV2nh8vxhFe2cKexPMwvAqv/etU84dJMfJejxPJ39PmMqT1KvC4G+Qt2+6Mpe7oQ==",
        "dependencies": {}
      },
      "sass-embedded-linux-musl-arm64@1.71.1": {
        "integrity": "sha512-Agtf6BcYQ0mt+jVDcRcN7bDPrMAQOWMeX15NTlQH1rO8voObLo6ThVl2NUkiZyyVmu7a6YOrCxpGBVAK1cLGOg==",
        "dependencies": {}
      },
      "sass-embedded-linux-musl-arm@1.71.1": {
        "integrity": "sha512-1O37K5EgSeQjCBizIF9xdZJw3mh5XYHOnsB4+65CLZg4ac84ragjFv9d9rYhwGs9QSgg1MoOv7VWnEIxQ8Pp9Q==",
        "dependencies": {}
      },
      "sass-embedded-linux-musl-ia32@1.71.1": {
        "integrity": "sha512-Cd5sJkt70bSlYEXUSj9mPMKZLzDL8LGcBKUIfQRrcBKjmzD2Va2eLq4Zati9Xzt54unuDp4bAUUTyvQmjLzFmA==",
        "dependencies": {}
      },
      "sass-embedded-linux-musl-x64@1.71.1": {
        "integrity": "sha512-uVfYms/lf4QVSvtQXkSm+Bq3wVsvkRMI30ca82rRwpwebxSaTbUr+uLnskh8QvbyfsbMyrzZQU0SCrO3uCua1A==",
        "dependencies": {}
      },
      "sass-embedded-linux-x64@1.71.1": {
        "integrity": "sha512-7BXniYic16+MQx0InyH8OXburLPGMRYRWf0l/t/fRkNkUHWFl7NQPAX0yvj73c/PKOdaYEUY6isNB4OGUGtZHQ==",
        "dependencies": {}
      },
      "sass-embedded-win32-ia32@1.71.1": {
        "integrity": "sha512-ZDhL6hvekeKDkZ1wUj6wN0thrB/7wOO8HaQoagk+pKaHoa0Py7OLR/m9mQM8S13mZpUQduNsznmXV1fOss4GOg==",
        "dependencies": {}
      },
      "sass-embedded-win32-x64@1.71.1": {
        "integrity": "sha512-ecWP1TFUA9ujOuOTJfWC1iZsSZOdQy5OxIEHqoERxunyjwzkiTxfN8J7Y4bNQ5uwb4K0brxWyIM8Fq+UgDqcZA==",
        "dependencies": {}
      },
      "sass-embedded@1.71.1": {
        "integrity": "sha512-nOmqErO1zd1wjvTbDscLZZ3fv5JPeQfaKuo0UCjYm7qPbpQcycp0l3nFZHxovjLjCetJ9IrLOADdznFYKV0f1A==",
        "dependencies": {
          "@bufbuild/protobuf": "@bufbuild/protobuf@1.7.2",
          "buffer-builder": "buffer-builder@0.2.0",
          "immutable": "immutable@4.3.5",
          "rxjs": "rxjs@7.8.1",
          "sass-embedded-android-arm": "sass-embedded-android-arm@1.71.1",
          "sass-embedded-android-arm64": "sass-embedded-android-arm64@1.71.1",
          "sass-embedded-android-ia32": "sass-embedded-android-ia32@1.71.1",
          "sass-embedded-android-x64": "sass-embedded-android-x64@1.71.1",
          "sass-embedded-darwin-arm64": "sass-embedded-darwin-arm64@1.71.1",
          "sass-embedded-darwin-x64": "sass-embedded-darwin-x64@1.71.1",
          "sass-embedded-linux-arm": "sass-embedded-linux-arm@1.71.1",
          "sass-embedded-linux-arm64": "sass-embedded-linux-arm64@1.71.1",
          "sass-embedded-linux-ia32": "sass-embedded-linux-ia32@1.71.1",
          "sass-embedded-linux-musl-arm": "sass-embedded-linux-musl-arm@1.71.1",
          "sass-embedded-linux-musl-arm64": "sass-embedded-linux-musl-arm64@1.71.1",
          "sass-embedded-linux-musl-ia32": "sass-embedded-linux-musl-ia32@1.71.1",
          "sass-embedded-linux-musl-x64": "sass-embedded-linux-musl-x64@1.71.1",
          "sass-embedded-linux-x64": "sass-embedded-linux-x64@1.71.1",
          "sass-embedded-win32-ia32": "sass-embedded-win32-ia32@1.71.1",
          "sass-embedded-win32-x64": "sass-embedded-win32-x64@1.71.1",
          "supports-color": "supports-color@8.1.1",
          "varint": "varint@6.0.0"
        }
      },
      "sass@1.71.1": {
        "integrity": "sha512-wovtnV2PxzteLlfNzbgm1tFXPLoZILYAMJtvoXXkD7/+1uP41eKkIt1ypWq5/q2uT94qHjXehEYfmjKOvjL9sg==",
        "dependencies": {
          "chokidar": "chokidar@3.6.0",
          "immutable": "immutable@4.3.5",
          "source-map-js": "source-map-js@1.0.2"
        }
      },
      "source-map-js@1.0.2": {
        "integrity": "sha512-R0XvVJ9WusLiqTCEiGCmICCMplcCkIwwR11mOSD9CR5u+IXYdiseeEuXCVAjS54zqwkLcPNnmU4OeJ6tUrWhDw==",
        "dependencies": {}
      },
      "supports-color@8.1.1": {
        "integrity": "sha512-MpUEN2OodtUzxvKQl72cUF7RQ5EiHsGvSsVG0ia9c5RbWGL2CI4C7EpPS8UTBIplnlzZiNuV56w+FuNxy3ty2Q==",
        "dependencies": {
          "has-flag": "has-flag@4.0.0"
        }
      },
      "supports-preserve-symlinks-flag@1.0.0": {
        "integrity": "sha512-ot0WnXS9fgdkgIcePe6RHNk1WA8+muPa6cSjeR3V8K27q9BB1rTE3R1p7Hv0z1ZyAc8s6Vvv8DIyWf681MAt0w==",
        "dependencies": {}
      },
      "to-regex-range@5.0.1": {
        "integrity": "sha512-65P7iz6X5yEr1cwcgvQxbbIw7Uk3gOy5dIdtZ4rDveLqhrdJP+Li/Hx6tyK0NEb+2GCyneCMJiGqrADCSNk8sQ==",
        "dependencies": {
          "is-number": "is-number@7.0.0"
        }
      },
      "tslib@2.6.2": {
        "integrity": "sha512-AEYxH93jGFPn/a2iVAwW87VuUIkR1FVUKB77NwMF7nBTDkDrrT/Hpt/IrCJ0QXhW27jTBDcf5ZY7w6RiqTMw2Q==",
        "dependencies": {}
      },
      "varint@6.0.0": {
        "integrity": "sha512-cXEIW6cfr15lFv563k4GuVuW/fiwjknytD37jIOLSdSWuOI6WnO/oKwmP2FQTU2l01LP8/M5TSAJpzUaGe3uWg==",
        "dependencies": {}
      }
    }
  },
  "remote": {
    "https://deno.land/std@0.131.0/_util/assert.ts": "e94f2eb37cebd7f199952e242c77654e43333c1ac4c5c700e929ea3aa5489f74",
    "https://deno.land/std@0.131.0/_util/os.ts": "49b92edea1e82ba295ec946de8ffd956ed123e2948d9bd1d3e901b04e4307617",
    "https://deno.land/std@0.131.0/path/_constants.ts": "df1db3ffa6dd6d1252cc9617e5d72165cd2483df90e93833e13580687b6083c3",
    "https://deno.land/std@0.131.0/path/_interface.ts": "ee3b431a336b80cf445441109d089b70d87d5e248f4f90ff906820889ecf8d09",
    "https://deno.land/std@0.131.0/path/_util.ts": "c1e9686d0164e29f7d880b2158971d805b6e0efc3110d0b3e24e4b8af2190d2b",
    "https://deno.land/std@0.131.0/path/common.ts": "bee563630abd2d97f99d83c96c2fa0cca7cee103e8cb4e7699ec4d5db7bd2633",
    "https://deno.land/std@0.131.0/path/glob.ts": "cb5255638de1048973c3e69e420c77dc04f75755524cb3b2e160fe9277d939ee",
    "https://deno.land/std@0.131.0/path/mod.ts": "4275129bb766f0e475ecc5246aa35689eeade419d72a48355203f31802640be7",
    "https://deno.land/std@0.131.0/path/posix.ts": "663e4a6fe30a145f56aa41a22d95114c4c5582d8b57d2d7c9ed27ad2c47636bb",
    "https://deno.land/std@0.131.0/path/separator.ts": "fe1816cb765a8068afb3e8f13ad272351c85cbc739af56dacfc7d93d710fe0f9",
    "https://deno.land/std@0.131.0/path/win32.ts": "e7bdf63e8d9982b4d8a01ef5689425c93310ece950e517476e22af10f41a136e",
    "https://deno.land/std@0.162.0/_util/assert.ts": "e94f2eb37cebd7f199952e242c77654e43333c1ac4c5c700e929ea3aa5489f74",
    "https://deno.land/std@0.162.0/_util/os.ts": "8a33345f74990e627b9dfe2de9b040004b08ea5146c7c9e8fe9a29070d193934",
    "https://deno.land/std@0.162.0/fmt/colors.ts": "9e36a716611dcd2e4865adea9c4bec916b5c60caad4cdcdc630d4974e6bb8bd4",
    "https://deno.land/std@0.162.0/fs/_util.ts": "fdc156f897197f261a1c096dcf8ff9267ed0ff42bd5b31f55053a4763a4bae3b",
    "https://deno.land/std@0.162.0/fs/copy.ts": "73bdf24f4322648d9bc38ef983b818637ba368351d17aa03644209d3ce3eac31",
    "https://deno.land/std@0.162.0/fs/empty_dir.ts": "c15a0aaaf40f8c21cca902aa1e01a789ad0c2fd1b7e2eecf4957053c5dbf707f",
    "https://deno.land/std@0.162.0/fs/ensure_dir.ts": "76395fc1c989ca8d2de3aedfa8240eb8f5225cde20f926de957995b063135b80",
    "https://deno.land/std@0.162.0/fs/ensure_file.ts": "b8e32ea63aa21221d0219760ba3f741f682d7f7d68d0d24a3ec067c338568152",
    "https://deno.land/std@0.162.0/fs/ensure_link.ts": "5cc1c04f18487d7d1edf4c5469705f30b61390ffd24ad7db6df85e7209b32bb2",
    "https://deno.land/std@0.162.0/fs/ensure_symlink.ts": "5273557b8c50be69477aa9cb003b54ff2240a336db52a40851c97abce76b96ab",
    "https://deno.land/std@0.162.0/fs/eol.ts": "65b1e27320c3eec6fb653b27e20056ee3d015d3e91db388cfefa41616ebc7cb3",
    "https://deno.land/std@0.162.0/fs/exists.ts": "6a447912e49eb79cc640adacfbf4b0baf8e17ede6d5bed057062ce33c4fa0d68",
    "https://deno.land/std@0.162.0/fs/expand_glob.ts": "d3f62aefc7718d878904d60d91e8e6dbbf86c696d32b6cbbc333637acf7f8571",
    "https://deno.land/std@0.162.0/fs/mod.ts": "354a6f972ef4e00c4dd1f1339a8828ef0764c1c23d3c0010af3fcc025d8655b0",
    "https://deno.land/std@0.162.0/fs/move.ts": "6d7fa9da60dbc7a32dd7fdbc2ff812b745861213c8e92ba96dace0669b0c378c",
    "https://deno.land/std@0.162.0/fs/walk.ts": "d96d4e5b6a3552e8304f28a0fd0b317b812298298449044f8de4932c869388a5",
    "https://deno.land/std@0.162.0/path/_constants.ts": "df1db3ffa6dd6d1252cc9617e5d72165cd2483df90e93833e13580687b6083c3",
    "https://deno.land/std@0.162.0/path/_interface.ts": "ee3b431a336b80cf445441109d089b70d87d5e248f4f90ff906820889ecf8d09",
    "https://deno.land/std@0.162.0/path/_util.ts": "d16be2a16e1204b65f9d0dfc54a9bc472cafe5f4a190b3c8471ec2016ccd1677",
    "https://deno.land/std@0.162.0/path/common.ts": "bee563630abd2d97f99d83c96c2fa0cca7cee103e8cb4e7699ec4d5db7bd2633",
    "https://deno.land/std@0.162.0/path/glob.ts": "cb5255638de1048973c3e69e420c77dc04f75755524cb3b2e160fe9277d939ee",
    "https://deno.land/std@0.162.0/path/mod.ts": "56fec03ad0ebd61b6ab39ddb9b0ddb4c4a5c9f2f4f632e09dd37ec9ebfd722ac",
    "https://deno.land/std@0.162.0/path/posix.ts": "6b63de7097e68c8663c84ccedc0fd977656eb134432d818ecd3a4e122638ac24",
    "https://deno.land/std@0.162.0/path/separator.ts": "fe1816cb765a8068afb3e8f13ad272351c85cbc739af56dacfc7d93d710fe0f9",
    "https://deno.land/std@0.162.0/path/win32.ts": "ee8826dce087d31c5c81cd414714e677eb68febc40308de87a2ce4b40e10fb8d",
    "https://deno.land/std@0.162.0/testing/_diff.ts": "a23e7fc2b4d8daa3e158fa06856bedf5334ce2a2831e8bf9e509717f455adb2c",
    "https://deno.land/std@0.162.0/testing/_format.ts": "cd11136e1797791045e639e9f0f4640d5b4166148796cad37e6ef75f7d7f3832",
    "https://deno.land/std@0.162.0/testing/asserts.ts": "1e340c589853e82e0807629ba31a43c84ebdcdeca910c4a9705715dfdb0f5ce8",
    "https://deno.land/std@0.211.0/assert/assert.ts": "bec068b2fccdd434c138a555b19a2c2393b71dfaada02b7d568a01541e67cdc5",
    "https://deno.land/std@0.211.0/assert/assertion_error.ts": "9f689a101ee586c4ce92f52fa7ddd362e86434ffdf1f848e45987dc7689976b8",
    "https://deno.land/std@0.211.0/cli/parse_args.ts": "91dfad92c32c4c7f50bc5f476030cc84d0b8ad69f66cde219ddfd49516cbbdcf",
    "https://deno.land/std@0.211.0/fmt/colors.ts": "be082d6a6bbb2980ae7b2bf8c23c6bb2811ba90a06a9bcb861344a71784c5a99",
    "https://deno.land/std@0.211.0/path/_common/assert_path.ts": "2ca275f36ac1788b2acb60fb2b79cb06027198bc2ba6fb7e163efaedde98c297",
    "https://deno.land/std@0.211.0/path/_common/constants.ts": "dc5f8057159f4b48cd304eb3027e42f1148cf4df1fb4240774d3492b5d12ac0c",
    "https://deno.land/std@0.211.0/path/_common/dirname.ts": "684df4aa71a04bbcc346c692c8485594fc8a90b9408dfbc26ff32cf3e0c98cc8",
    "https://deno.land/std@0.211.0/path/_common/strip_trailing_separators.ts": "7024a93447efcdcfeaa9339a98fa63ef9d53de363f1fbe9858970f1bba02655a",
    "https://deno.land/std@0.211.0/path/_os.ts": "8fb9b90fb6b753bd8c77cfd8a33c2ff6c5f5bc185f50de8ca4ac6a05710b2c15",
    "https://deno.land/std@0.211.0/path/dirname.ts": "85bd955bf31d62c9aafdd7ff561c4b5fb587d11a9a5a45e2b01aedffa4238a7c",
    "https://deno.land/std@0.211.0/path/posix/_util.ts": "1e3937da30f080bfc99fe45d7ed23c47dd8585c5e473b2d771380d3a6937cf9d",
    "https://deno.land/std@0.211.0/path/posix/dirname.ts": "6535d2bdd566118963537b9dda8867ba9e2a361015540dc91f5afbb65c0cce8b",
    "https://deno.land/std@0.211.0/path/windows/_util.ts": "d5f47363e5293fced22c984550d5e70e98e266cc3f31769e1710511803d04808",
    "https://deno.land/std@0.211.0/path/windows/dirname.ts": "33e421be5a5558a1346a48e74c330b8e560be7424ed7684ea03c12c21b627bc9",
    "https://deno.land/x/denoflate@1.2.1/mod.ts": "f5628e44b80b3d80ed525afa2ba0f12408e3849db817d47a883b801f9ce69dd6",
    "https://deno.land/x/denoflate@1.2.1/pkg/denoflate.js": "b9f9ad9457d3f12f28b1fb35c555f57443427f74decb403113d67364e4f2caf4",
    "https://deno.land/x/denoflate@1.2.1/pkg/denoflate_bg.wasm.js": "d581956245407a2115a3d7e8d85a9641c032940a8e810acbd59ca86afd34d44d",
    "https://deno.land/x/denosass@1.0.6/mod.ts": "5e9c142055d658f3acb2b370d0b412c783ed4b27db830f387525fb7f69a7ab3d",
    "https://deno.land/x/denosass@1.0.6/src/deps.ts": "cb5fa11799e3def8b593be3b5939d2755a2c7f1f4987f3af1bc4ad90922d3715",
    "https://deno.land/x/denosass@1.0.6/src/mod.ts": "d2b63172f98238f77831995a5d6c8a06af5252ad8fbe7b9ec40b60eae86f2164",
    "https://deno.land/x/denosass@1.0.6/src/types/module.types.ts": "7a5027482ded1d2967fbe690ef8f928446c5de8811c3333f9b09ae6e8122f9ba",
    "https://deno.land/x/denosass@1.0.6/src/wasm/grass.deno.js": "a72432ce8d6b8f9c31e31c71415fdca03fe36aa22417e414bc81e2e21a8a687b",
    "https://deno.land/x/esbuild@v0.19.11/mod.js": "bd4916647799a0cd046dcf4eafd6ace09d22d5898870bd062206b8b6343d5e6a",
    "https://deno.land/x/esbuild@v0.19.12/mod.js": "fc8d97babee1f469d8ad409e62e0cf13bf72eca02b4f157b86238fda78f1e65e",
    "https://deno.land/x/esbuild_plugin_sass@v0.4.2/mod.ts": "0c224aa9f478cb1ed2cb9a9cd4ad550c056bb3606247782cb660d76af70f8761",
    "https://deno.land/x/esbuild_plugin_sass@v0.4.2/src/get_text_content.ts": "435b1358e7a24628150350466bed02d1c820f5fa01c461af01c0a9c4ad7e3b34",
    "https://deno.land/x/esbuild_plugin_sass@v0.4.2/src/index.ts": "d283a87abda4aae20f7af26394838ab2e919f6284fbed8e895eb4d28b4ebb0b1",
    "https://deno.land/x/esbuild_plugin_sass@v0.4.2/src/sass_plugin_setup.ts": "74cdecc65f22b4b22cee422ee75b3edfc28c9576c67ca378e205e9a82a187438",
    "https://deno.land/x/esbuild_plugin_sass@v0.5.0/mod.ts": "0c224aa9f478cb1ed2cb9a9cd4ad550c056bb3606247782cb660d76af70f8761",
    "https://deno.land/x/esbuild_plugin_sass@v0.5.0/src/get_text_content.ts": "435b1358e7a24628150350466bed02d1c820f5fa01c461af01c0a9c4ad7e3b34",
    "https://deno.land/x/esbuild_plugin_sass@v0.5.0/src/index.ts": "d283a87abda4aae20f7af26394838ab2e919f6284fbed8e895eb4d28b4ebb0b1",
    "https://deno.land/x/esbuild_plugin_sass@v0.5.0/src/sass_plugin_setup.ts": "4021dc2c9a7664b093231048ae536b91d9a3f337d5ac6fd6530b46f967783411"
  }
}
